// !$*UTF8*$!
{
	archiveVersion = 1;
	classes = {
	};
	objectVersion = 56;
	objects = {

/* Begin PBXBuildFile section */
		CE0E4EAF2B220356001586DB /* WeatherAppApp.swift in Sources */ = {isa = PBXBuildFile; fileRef = CE0E4EAE2B220356001586DB /* WeatherAppApp.swift */; };
		CE0E4EB12B220356001586DB /* ContentView.swift in Sources */ = {isa = PBXBuildFile; fileRef = CE0E4EB02B220356001586DB /* ContentView.swift */; };
		CE0E4EB32B22035A001586DB /* Assets.xcassets in Resources */ = {isa = PBXBuildFile; fileRef = CE0E4EB22B22035A001586DB /* Assets.xcassets */; };
		CE0E4EB62B22035A001586DB /* Preview Assets.xcassets in Resources */ = {isa = PBXBuildFile; fileRef = CE0E4EB52B22035A001586DB /* Preview Assets.xcassets */; };
		CE1373462B25E62900BB3B12 /* DateDiffrence.swift in Sources */ = {isa = PBXBuildFile; fileRef = CE1373452B25E62900BB3B12 /* DateDiffrence.swift */; };
		CE7DD2C42B22127400585F32 /* DeviceLocationService.swift in Sources */ = {isa = PBXBuildFile; fileRef = CE7DD2C32B22127400585F32 /* DeviceLocationService.swift */; };
		CE7DD2C72B221EBA00585F32 /* Localizable.strings in Resources */ = {isa = PBXBuildFile; fileRef = CE7DD2C92B221EBA00585F32 /* Localizable.strings */; };
		CE87D6942B24E70200F057F7 /* WeatherForHoursView.swift in Sources */ = {isa = PBXBuildFile; fileRef = CE87D6932B24E70200F057F7 /* WeatherForHoursView.swift */; };
		CE87D6962B24E85700F057F7 /* WeatherForWeekView.swift in Sources */ = {isa = PBXBuildFile; fileRef = CE87D6952B24E85700F057F7 /* WeatherForWeekView.swift */; };
		CE87D6982B24E8C200F057F7 /* WeatherForCityView.swift in Sources */ = {isa = PBXBuildFile; fileRef = CE87D6972B24E8C200F057F7 /* WeatherForCityView.swift */; };
		CE87D69A2B24F34600F057F7 /* Cache.swift in Sources */ = {isa = PBXBuildFile; fileRef = CE87D6992B24F34600F057F7 /* Cache.swift */; };
		CE87D69C2B24F77800F057F7 /* CachedWeather.swift in Sources */ = {isa = PBXBuildFile; fileRef = CE87D69B2B24F77800F057F7 /* CachedWeather.swift */; };
		CE87D6A02B25D62D00F057F7 /* WeatherView.swift in Sources */ = {isa = PBXBuildFile; fileRef = CE87D69F2B25D62D00F057F7 /* WeatherView.swift */; };
		CED3E9E22B2230A70010894E /* Language.swift in Sources */ = {isa = PBXBuildFile; fileRef = CED3E9E12B2230A70010894E /* Language.swift */; };
		CED3E9E42B2231AE0010894E /* LocalizationService.swift in Sources */ = {isa = PBXBuildFile; fileRef = CED3E9E32B2231AE0010894E /* LocalizationService.swift */; };
		CED3E9E72B223B2C0010894E /* Weather.swift in Sources */ = {isa = PBXBuildFile; fileRef = CED3E9E62B223B2C0010894E /* Weather.swift */; };
		CED3E9E92B223B750010894E /* WeatherForHours.swift in Sources */ = {isa = PBXBuildFile; fileRef = CED3E9E82B223B750010894E /* WeatherForHours.swift */; };
		CED3E9EB2B223CAC0010894E /* WeatherViewModel.swift in Sources */ = {isa = PBXBuildFile; fileRef = CED3E9EA2B223CAC0010894E /* WeatherViewModel.swift */; };
		CED3E9EF2B227FEF0010894E /* DateParser.swift in Sources */ = {isa = PBXBuildFile; fileRef = CED3E9EE2B227FEF0010894E /* DateParser.swift */; };
		CED3E9F32B22805A0010894E /* WeatherForHourCard.swift in Sources */ = {isa = PBXBuildFile; fileRef = CED3E9F22B22805A0010894E /* WeatherForHourCard.swift */; };
		CED3E9F52B233B4A0010894E /* WeatherForWeek.swift in Sources */ = {isa = PBXBuildFile; fileRef = CED3E9F42B233B4A0010894E /* WeatherForWeek.swift */; };
		CED3E9F72B233D940010894E /* WeatherForWeekCard.swift in Sources */ = {isa = PBXBuildFile; fileRef = CED3E9F62B233D940010894E /* WeatherForWeekCard.swift */; };
		CED3E9F92B2355AE0010894E /* SearchWeatherView.swift in Sources */ = {isa = PBXBuildFile; fileRef = CED3E9F82B2355AE0010894E /* SearchWeatherView.swift */; };
		CED3E9FC2B2376EE0010894E /* NetworkMonitor.swift in Sources */ = {isa = PBXBuildFile; fileRef = CED3E9FB2B2376EE0010894E /* NetworkMonitor.swift */; };
		CED3E9FE2B2377C20010894E /* SettingsView.swift in Sources */ = {isa = PBXBuildFile; fileRef = CED3E9FD2B2377C20010894E /* SettingsView.swift */; };
		FC9089BB3D5348AEE5F302F7 /* Pods_WeatherApp.framework in Frameworks */ = {isa = PBXBuildFile; fileRef = 459929837B6525B7F7E4E61B /* Pods_WeatherApp.framework */; };
/* End PBXBuildFile section */

/* Begin PBXFileReference section */
		459929837B6525B7F7E4E61B /* Pods_WeatherApp.framework */ = {isa = PBXFileReference; explicitFileType = wrapper.framework; includeInIndex = 0; path = Pods_WeatherApp.framework; sourceTree = BUILT_PRODUCTS_DIR; };
		631FE0ACC9DBB2C4DD205DAB /* Pods-WeatherApp.release.xcconfig */ = {isa = PBXFileReference; includeInIndex = 1; lastKnownFileType = text.xcconfig; name = "Pods-WeatherApp.release.xcconfig"; path = "Target Support Files/Pods-WeatherApp/Pods-WeatherApp.release.xcconfig"; sourceTree = "<group>"; };
		CE0E4EAB2B220356001586DB /* WeatherApp.app */ = {isa = PBXFileReference; explicitFileType = wrapper.application; includeInIndex = 0; path = WeatherApp.app; sourceTree = BUILT_PRODUCTS_DIR; };
		CE0E4EAE2B220356001586DB /* WeatherAppApp.swift */ = {isa = PBXFileReference; lastKnownFileType = sourcecode.swift; path = WeatherAppApp.swift; sourceTree = "<group>"; };
		CE0E4EB02B220356001586DB /* ContentView.swift */ = {isa = PBXFileReference; lastKnownFileType = sourcecode.swift; path = ContentView.swift; sourceTree = "<group>"; };
		CE0E4EB22B22035A001586DB /* Assets.xcassets */ = {isa = PBXFileReference; lastKnownFileType = folder.assetcatalog; path = Assets.xcassets; sourceTree = "<group>"; };
		CE0E4EB52B22035A001586DB /* Preview Assets.xcassets */ = {isa = PBXFileReference; lastKnownFileType = folder.assetcatalog; path = "Preview Assets.xcassets"; sourceTree = "<group>"; };
		CE0E4EC12B220712001586DB /* Info.plist */ = {isa = PBXFileReference; lastKnownFileType = text.plist; path = Info.plist; sourceTree = "<group>"; };
		CE1373452B25E62900BB3B12 /* DateDiffrence.swift */ = {isa = PBXFileReference; lastKnownFileType = sourcecode.swift; path = DateDiffrence.swift; sourceTree = "<group>"; };
		CE7DD2C32B22127400585F32 /* DeviceLocationService.swift */ = {isa = PBXFileReference; lastKnownFileType = sourcecode.swift; path = DeviceLocationService.swift; sourceTree = "<group>"; };
		CE7DD2C82B221EBA00585F32 /* en */ = {isa = PBXFileReference; lastKnownFileType = text.plist.strings; name = en; path = en.lproj/Localizable.strings; sourceTree = "<group>"; };
		CE7DD2CA2B221EBD00585F32 /* ru */ = {isa = PBXFileReference; lastKnownFileType = text.plist.strings; name = ru; path = ru.lproj/Localizable.strings; sourceTree = "<group>"; };
		CE87D6932B24E70200F057F7 /* WeatherForHoursView.swift */ = {isa = PBXFileReference; lastKnownFileType = sourcecode.swift; path = WeatherForHoursView.swift; sourceTree = "<group>"; };
		CE87D6952B24E85700F057F7 /* WeatherForWeekView.swift */ = {isa = PBXFileReference; lastKnownFileType = sourcecode.swift; path = WeatherForWeekView.swift; sourceTree = "<group>"; };
		CE87D6972B24E8C200F057F7 /* WeatherForCityView.swift */ = {isa = PBXFileReference; lastKnownFileType = sourcecode.swift; path = WeatherForCityView.swift; sourceTree = "<group>"; };
		CE87D6992B24F34600F057F7 /* Cache.swift */ = {isa = PBXFileReference; lastKnownFileType = sourcecode.swift; path = Cache.swift; sourceTree = "<group>"; };
		CE87D69B2B24F77800F057F7 /* CachedWeather.swift */ = {isa = PBXFileReference; lastKnownFileType = sourcecode.swift; path = CachedWeather.swift; sourceTree = "<group>"; };
		CE87D69F2B25D62D00F057F7 /* WeatherView.swift */ = {isa = PBXFileReference; lastKnownFileType = sourcecode.swift; path = WeatherView.swift; sourceTree = "<group>"; };
		CED3E9E12B2230A70010894E /* Language.swift */ = {isa = PBXFileReference; lastKnownFileType = sourcecode.swift; path = Language.swift; sourceTree = "<group>"; };
		CED3E9E32B2231AE0010894E /* LocalizationService.swift */ = {isa = PBXFileReference; lastKnownFileType = sourcecode.swift; path = LocalizationService.swift; sourceTree = "<group>"; };
		CED3E9E62B223B2C0010894E /* Weather.swift */ = {isa = PBXFileReference; lastKnownFileType = sourcecode.swift; path = Weather.swift; sourceTree = "<group>"; };
		CED3E9E82B223B750010894E /* WeatherForHours.swift */ = {isa = PBXFileReference; lastKnownFileType = sourcecode.swift; path = WeatherForHours.swift; sourceTree = "<group>"; };
		CED3E9EA2B223CAC0010894E /* WeatherViewModel.swift */ = {isa = PBXFileReference; lastKnownFileType = sourcecode.swift; path = WeatherViewModel.swift; sourceTree = "<group>"; };
		CED3E9EE2B227FEF0010894E /* DateParser.swift */ = {isa = PBXFileReference; lastKnownFileType = sourcecode.swift; path = DateParser.swift; sourceTree = "<group>"; };
		CED3E9F22B22805A0010894E /* WeatherForHourCard.swift */ = {isa = PBXFileReference; lastKnownFileType = sourcecode.swift; path = WeatherForHourCard.swift; sourceTree = "<group>"; };
		CED3E9F42B233B4A0010894E /* WeatherForWeek.swift */ = {isa = PBXFileReference; lastKnownFileType = sourcecode.swift; path = WeatherForWeek.swift; sourceTree = "<group>"; };
		CED3E9F62B233D940010894E /* WeatherForWeekCard.swift */ = {isa = PBXFileReference; lastKnownFileType = sourcecode.swift; path = WeatherForWeekCard.swift; sourceTree = "<group>"; };
		CED3E9F82B2355AE0010894E /* SearchWeatherView.swift */ = {isa = PBXFileReference; lastKnownFileType = sourcecode.swift; path = SearchWeatherView.swift; sourceTree = "<group>"; };
		CED3E9FB2B2376EE0010894E /* NetworkMonitor.swift */ = {isa = PBXFileReference; lastKnownFileType = sourcecode.swift; path = NetworkMonitor.swift; sourceTree = "<group>"; };
		CED3E9FD2B2377C20010894E /* SettingsView.swift */ = {isa = PBXFileReference; lastKnownFileType = sourcecode.swift; path = SettingsView.swift; sourceTree = "<group>"; };
		D1D6157378666E7D76086065 /* Pods-WeatherApp.debug.xcconfig */ = {isa = PBXFileReference; includeInIndex = 1; lastKnownFileType = text.xcconfig; name = "Pods-WeatherApp.debug.xcconfig"; path = "Target Support Files/Pods-WeatherApp/Pods-WeatherApp.debug.xcconfig"; sourceTree = "<group>"; };
/* End PBXFileReference section */

/* Begin PBXFrameworksBuildPhase section */
		CE0E4EA82B220355001586DB /* Frameworks */ = {
			isa = PBXFrameworksBuildPhase;
			buildActionMask = 2147483647;
			files = (
				FC9089BB3D5348AEE5F302F7 /* Pods_WeatherApp.framework in Frameworks */,
			);
			runOnlyForDeploymentPostprocessing = 0;
		};
/* End PBXFrameworksBuildPhase section */

/* Begin PBXGroup section */
		0E3D1440AE7530DE575F9A5B /* Pods */ = {
			isa = PBXGroup;
			children = (
				D1D6157378666E7D76086065 /* Pods-WeatherApp.debug.xcconfig */,
				631FE0ACC9DBB2C4DD205DAB /* Pods-WeatherApp.release.xcconfig */,
			);
			path = Pods;
			sourceTree = "<group>";
		};
		95B06E5A928347FFDAC17478 /* Frameworks */ = {
			isa = PBXGroup;
			children = (
				459929837B6525B7F7E4E61B /* Pods_WeatherApp.framework */,
			);
			name = Frameworks;
			sourceTree = "<group>";
		};
		CE0E4EA22B220355001586DB = {
			isa = PBXGroup;
			children = (
				CE0E4EAD2B220356001586DB /* WeatherApp */,
				CE0E4EAC2B220356001586DB /* Products */,
				0E3D1440AE7530DE575F9A5B /* Pods */,
				95B06E5A928347FFDAC17478 /* Frameworks */,
			);
			sourceTree = "<group>";
		};
		CE0E4EAC2B220356001586DB /* Products */ = {
			isa = PBXGroup;
			children = (
				CE0E4EAB2B220356001586DB /* WeatherApp.app */,
			);
			name = Products;
			sourceTree = "<group>";
		};
		CE0E4EAD2B220356001586DB /* WeatherApp */ = {
			isa = PBXGroup;
			children = (
				CED3E9E52B223AB60010894E /* Model */,
				CED3E9FF2B23A2E90010894E /* Utils */,
				CED3E9FA2B2375F10010894E /* Views */,
				CE0E4EAE2B220356001586DB /* WeatherAppApp.swift */,
				CED3E9EA2B223CAC0010894E /* WeatherViewModel.swift */,
				CE0E4EB42B22035A001586DB /* Preview Content */,
				CE7DD2C92B221EBA00585F32 /* Localizable.strings */,
				CE0E4EB22B22035A001586DB /* Assets.xcassets */,
				CE0E4EC12B220712001586DB /* Info.plist */,
			);
			path = WeatherApp;
			sourceTree = "<group>";
		};
		CE0E4EB42B22035A001586DB /* Preview Content */ = {
			isa = PBXGroup;
			children = (
				CE0E4EB52B22035A001586DB /* Preview Assets.xcassets */,
			);
			path = "Preview Content";
			sourceTree = "<group>";
		};
		CED3E9E52B223AB60010894E /* Model */ = {
			isa = PBXGroup;
			children = (
				CED3E9E62B223B2C0010894E /* Weather.swift */,
				CED3E9E82B223B750010894E /* WeatherForHours.swift */,
				CED3E9F42B233B4A0010894E /* WeatherForWeek.swift */,
				CE87D69B2B24F77800F057F7 /* CachedWeather.swift */,
			);
			path = Model;
			sourceTree = "<group>";
		};
		CED3E9FA2B2375F10010894E /* Views */ = {
			isa = PBXGroup;
			children = (
				CED3E9F62B233D940010894E /* WeatherForWeekCard.swift */,
				CED3E9F22B22805A0010894E /* WeatherForHourCard.swift */,
				CED3E9F82B2355AE0010894E /* SearchWeatherView.swift */,
				CE0E4EB02B220356001586DB /* ContentView.swift */,
				CED3E9FD2B2377C20010894E /* SettingsView.swift */,
				CE87D6932B24E70200F057F7 /* WeatherForHoursView.swift */,
				CE87D6952B24E85700F057F7 /* WeatherForWeekView.swift */,
				CE87D6972B24E8C200F057F7 /* WeatherForCityView.swift */,
				CE87D69F2B25D62D00F057F7 /* WeatherView.swift */,
			);
			path = Views;
			sourceTree = "<group>";
		};
		CED3E9FF2B23A2E90010894E /* Utils */ = {
			isa = PBXGroup;
			children = (
				CED3E9FB2B2376EE0010894E /* NetworkMonitor.swift */,
				CE7DD2C32B22127400585F32 /* DeviceLocationService.swift */,
				CED3E9EE2B227FEF0010894E /* DateParser.swift */,
				CED3E9E32B2231AE0010894E /* LocalizationService.swift */,
				CED3E9E12B2230A70010894E /* Language.swift */,
				CE87D6992B24F34600F057F7 /* Cache.swift */,
				CE1373452B25E62900BB3B12 /* DateDiffrence.swift */,
			);
			path = Utils;
			sourceTree = "<group>";
		};
/* End PBXGroup section */

/* Begin PBXNativeTarget section */
		CE0E4EAA2B220355001586DB /* WeatherApp */ = {
			isa = PBXNativeTarget;
			buildConfigurationList = CE0E4EBE2B22035A001586DB /* Build configuration list for PBXNativeTarget "WeatherApp" */;
			buildPhases = (
				0848F2EC4D8B678054E620B7 /* [CP] Check Pods Manifest.lock */,
				CE0E4EA72B220355001586DB /* Sources */,
				CE0E4EA82B220355001586DB /* Frameworks */,
				CE0E4EA92B220355001586DB /* Resources */,
				BA01A090A066CECA5EBCC2B0 /* [CP] Embed Pods Frameworks */,
			);
			buildRules = (
			);
			dependencies = (
			);
			name = WeatherApp;
			productName = WeatherApp;
			productReference = CE0E4EAB2B220356001586DB /* WeatherApp.app */;
			productType = "com.apple.product-type.application";
		};
/* End PBXNativeTarget section */

/* Begin PBXProject section */
		CE0E4EA32B220355001586DB /* Project object */ = {
			isa = PBXProject;
			attributes = {
				BuildIndependentTargetsInParallel = 1;
				LastSwiftUpdateCheck = 1420;
				LastUpgradeCheck = 1420;
				TargetAttributes = {
					CE0E4EAA2B220355001586DB = {
						CreatedOnToolsVersion = 14.2;
					};
				};
			};
			buildConfigurationList = CE0E4EA62B220355001586DB /* Build configuration list for PBXProject "WeatherApp" */;
			compatibilityVersion = "Xcode 14.0";
			developmentRegion = en;
			hasScannedForEncodings = 0;
			knownRegions = (
				en,
				Base,
				ru,
			);
			mainGroup = CE0E4EA22B220355001586DB;
			productRefGroup = CE0E4EAC2B220356001586DB /* Products */;
			projectDirPath = "";
			projectRoot = "";
			targets = (
				CE0E4EAA2B220355001586DB /* WeatherApp */,
			);
		};
/* End PBXProject section */

/* Begin PBXResourcesBuildPhase section */
		CE0E4EA92B220355001586DB /* Resources */ = {
			isa = PBXResourcesBuildPhase;
			buildActionMask = 2147483647;
			files = (
				CE0E4EB62B22035A001586DB /* Preview Assets.xcassets in Resources */,
				CE7DD2C72B221EBA00585F32 /* Localizable.strings in Resources */,
				CE0E4EB32B22035A001586DB /* Assets.xcassets in Resources */,
			);
			runOnlyForDeploymentPostprocessing = 0;
		};
/* End PBXResourcesBuildPhase section */

/* Begin PBXShellScriptBuildPhase section */
		0848F2EC4D8B678054E620B7 /* [CP] Check Pods Manifest.lock */ = {
			isa = PBXShellScriptBuildPhase;
			buildActionMask = 2147483647;
			files = (
			);
			inputFileListPaths = (
			);
			inputPaths = (
				"${PODS_PODFILE_DIR_PATH}/Podfile.lock",
				"${PODS_ROOT}/Manifest.lock",
			);
			name = "[CP] Check Pods Manifest.lock";
			outputFileListPaths = (
			);
			outputPaths = (
				"$(DERIVED_FILE_DIR)/Pods-WeatherApp-checkManifestLockResult.txt",
			);
			runOnlyForDeploymentPostprocessing = 0;
			shellPath = /bin/sh;
			shellScript = "diff \"${PODS_PODFILE_DIR_PATH}/Podfile.lock\" \"${PODS_ROOT}/Manifest.lock\" > /dev/null\nif [ $? != 0 ] ; then\n    # print error to STDERR\n    echo \"error: The sandbox is not in sync with the Podfile.lock. Run 'pod install' or update your CocoaPods installation.\" >&2\n    exit 1\nfi\n# This output is used by Xcode 'outputs' to avoid re-running this script phase.\necho \"SUCCESS\" > \"${SCRIPT_OUTPUT_FILE_0}\"\n";
			showEnvVarsInLog = 0;
		};
		BA01A090A066CECA5EBCC2B0 /* [CP] Embed Pods Frameworks */ = {
			isa = PBXShellScriptBuildPhase;
			buildActionMask = 2147483647;
			files = (
			);
			inputFileListPaths = (
				"${PODS_ROOT}/Target Support Files/Pods-WeatherApp/Pods-WeatherApp-frameworks-${CONFIGURATION}-input-files.xcfilelist",
			);
			name = "[CP] Embed Pods Frameworks";
			outputFileListPaths = (
				"${PODS_ROOT}/Target Support Files/Pods-WeatherApp/Pods-WeatherApp-frameworks-${CONFIGURATION}-output-files.xcfilelist",
			);
			runOnlyForDeploymentPostprocessing = 0;
			shellPath = /bin/sh;
			shellScript = "\"${PODS_ROOT}/Target Support Files/Pods-WeatherApp/Pods-WeatherApp-frameworks.sh\"\n";
			showEnvVarsInLog = 0;
		};
/* End PBXShellScriptBuildPhase section */

/* Begin PBXSourcesBuildPhase section */
		CE0E4EA72B220355001586DB /* Sources */ = {
			isa = PBXSourcesBuildPhase;
			buildActionMask = 2147483647;
			files = (
				CED3E9E72B223B2C0010894E /* Weather.swift in Sources */,
				CED3E9E92B223B750010894E /* WeatherForHours.swift in Sources */,
				CED3E9F52B233B4A0010894E /* WeatherForWeek.swift in Sources */,
				CED3E9F92B2355AE0010894E /* SearchWeatherView.swift in Sources */,
				CED3E9E42B2231AE0010894E /* LocalizationService.swift in Sources */,
				CE7DD2C42B22127400585F32 /* DeviceLocationService.swift in Sources */,
				CED3E9F72B233D940010894E /* WeatherForWeekCard.swift in Sources */,
				CE87D6942B24E70200F057F7 /* WeatherForHoursView.swift in Sources */,
				CED3E9FC2B2376EE0010894E /* NetworkMonitor.swift in Sources */,
				CE87D6962B24E85700F057F7 /* WeatherForWeekView.swift in Sources */,
				CED3E9EB2B223CAC0010894E /* WeatherViewModel.swift in Sources */,
				CE87D69A2B24F34600F057F7 /* Cache.swift in Sources */,
				CE87D6A02B25D62D00F057F7 /* WeatherView.swift in Sources */,
				CED3E9FE2B2377C20010894E /* SettingsView.swift in Sources */,
				CED3E9F32B22805A0010894E /* WeatherForHourCard.swift in Sources */,
				CE87D69C2B24F77800F057F7 /* CachedWeather.swift in Sources */,
				CE1373462B25E62900BB3B12 /* DateDiffrence.swift in Sources */,
				CED3E9EF2B227FEF0010894E /* DateParser.swift in Sources */,
				CE87D6982B24E8C200F057F7 /* WeatherForCityView.swift in Sources */,
				CED3E9E22B2230A70010894E /* Language.swift in Sources */,
				CE0E4EB12B220356001586DB /* ContentView.swift in Sources */,
				CE0E4EAF2B220356001586DB /* WeatherAppApp.swift in Sources */,
			);
			runOnlyForDeploymentPostprocessing = 0;
		};
/* End PBXSourcesBuildPhase section */

/* Begin PBXVariantGroup section */
		CE7DD2C92B221EBA00585F32 /* Localizable.strings */ = {
			isa = PBXVariantGroup;
			children = (
				CE7DD2C82B221EBA00585F32 /* en */,
				CE7DD2CA2B221EBD00585F32 /* ru */,
			);
			name = Localizable.strings;
			sourceTree = "<group>";
		};
/* End PBXVariantGroup section */

/* Begin XCBuildConfiguration section */
		CE0E4EBC2B22035A001586DB /* Debug */ = {
			isa = XCBuildConfiguration;
			buildSettings = {
				ALWAYS_SEARCH_USER_PATHS = NO;
				CLANG_ANALYZER_NONNULL = YES;
				CLANG_ANALYZER_NUMBER_OBJECT_CONVERSION = YES_AGGRESSIVE;
				CLANG_CXX_LANGUAGE_STANDARD = "gnu++20";
				CLANG_ENABLE_MODULES = YES;
				CLANG_ENABLE_OBJC_ARC = YES;
				CLANG_ENABLE_OBJC_WEAK = YES;
				CLANG_WARN_BLOCK_CAPTURE_AUTORELEASING = YES;
				CLANG_WARN_BOOL_CONVERSION = YES;
				CLANG_WARN_COMMA = YES;
				CLANG_WARN_CONSTANT_CONVERSION = YES;
				CLANG_WARN_DEPRECATED_OBJC_IMPLEMENTATIONS = YES;
				CLANG_WARN_DIRECT_OBJC_ISA_USAGE = YES_ERROR;
				CLANG_WARN_DOCUMENTATION_COMMENTS = YES;
				CLANG_WARN_EMPTY_BODY = YES;
				CLANG_WARN_ENUM_CONVERSION = YES;
				CLANG_WARN_INFINITE_RECURSION = YES;
				CLANG_WARN_INT_CONVERSION = YES;
				CLANG_WARN_NON_LITERAL_NULL_CONVERSION = YES;
				CLANG_WARN_OBJC_IMPLICIT_RETAIN_SELF = YES;
				CLANG_WARN_OBJC_LITERAL_CONVERSION = YES;
				CLANG_WARN_OBJC_ROOT_CLASS = YES_ERROR;
				CLANG_WARN_QUOTED_INCLUDE_IN_FRAMEWORK_HEADER = YES;
				CLANG_WARN_RANGE_LOOP_ANALYSIS = YES;
				CLANG_WARN_STRICT_PROTOTYPES = YES;
				CLANG_WARN_SUSPICIOUS_MOVE = YES;
				CLANG_WARN_UNGUARDED_AVAILABILITY = YES_AGGRESSIVE;
				CLANG_WARN_UNREACHABLE_CODE = YES;
				CLANG_WARN__DUPLICATE_METHOD_MATCH = YES;
				COPY_PHASE_STRIP = NO;
				DEBUG_INFORMATION_FORMAT = dwarf;
				ENABLE_STRICT_OBJC_MSGSEND = YES;
				ENABLE_TESTABILITY = YES;
				GCC_C_LANGUAGE_STANDARD = gnu11;
				GCC_DYNAMIC_NO_PIC = NO;
				GCC_NO_COMMON_BLOCKS = YES;
				GCC_OPTIMIZATION_LEVEL = 0;
				GCC_PREPROCESSOR_DEFINITIONS = (
					"DEBUG=1",
					"$(inherited)",
				);
				GCC_WARN_64_TO_32_BIT_CONVERSION = YES;
				GCC_WARN_ABOUT_RETURN_TYPE = YES_ERROR;
				GCC_WARN_UNDECLARED_SELECTOR = YES;
				GCC_WARN_UNINITIALIZED_AUTOS = YES_AGGRESSIVE;
				GCC_WARN_UNUSED_FUNCTION = YES;
				GCC_WARN_UNUSED_VARIABLE = YES;
				IPHONEOS_DEPLOYMENT_TARGET = 16.2;
				MTL_ENABLE_DEBUG_INFO = INCLUDE_SOURCE;
				MTL_FAST_MATH = YES;
				ONLY_ACTIVE_ARCH = YES;
				SDKROOT = iphoneos;
				SWIFT_ACTIVE_COMPILATION_CONDITIONS = DEBUG;
				SWIFT_OPTIMIZATION_LEVEL = "-Onone";
			};
			name = Debug;
		};
		CE0E4EBD2B22035A001586DB /* Release */ = {
			isa = XCBuildConfiguration;
			buildSettings = {
				ALWAYS_SEARCH_USER_PATHS = NO;
				CLANG_ANALYZER_NONNULL = YES;
				CLANG_ANALYZER_NUMBER_OBJECT_CONVERSION = YES_AGGRESSIVE;
				CLANG_CXX_LANGUAGE_STANDARD = "gnu++20";
				CLANG_ENABLE_MODULES = YES;
				CLANG_ENABLE_OBJC_ARC = YES;
				CLANG_ENABLE_OBJC_WEAK = YES;
				CLANG_WARN_BLOCK_CAPTURE_AUTORELEASING = YES;
				CLANG_WARN_BOOL_CONVERSION = YES;
				CLANG_WARN_COMMA = YES;
				CLANG_WARN_CONSTANT_CONVERSION = YES;
				CLANG_WARN_DEPRECATED_OBJC_IMPLEMENTATIONS = YES;
				CLANG_WARN_DIRECT_OBJC_ISA_USAGE = YES_ERROR;
				CLANG_WARN_DOCUMENTATION_COMMENTS = YES;
				CLANG_WARN_EMPTY_BODY = YES;
				CLANG_WARN_ENUM_CONVERSION = YES;
				CLANG_WARN_INFINITE_RECURSION = YES;
				CLANG_WARN_INT_CONVERSION = YES;
				CLANG_WARN_NON_LITERAL_NULL_CONVERSION = YES;
				CLANG_WARN_OBJC_IMPLICIT_RETAIN_SELF = YES;
				CLANG_WARN_OBJC_LITERAL_CONVERSION = YES;
				CLANG_WARN_OBJC_ROOT_CLASS = YES_ERROR;
				CLANG_WARN_QUOTED_INCLUDE_IN_FRAMEWORK_HEADER = YES;
				CLANG_WARN_RANGE_LOOP_ANALYSIS = YES;
				CLANG_WARN_STRICT_PROTOTYPES = YES;
				CLANG_WARN_SUSPICIOUS_MOVE = YES;
				CLANG_WARN_UNGUARDED_AVAILABILITY = YES_AGGRESSIVE;
				CLANG_WARN_UNREACHABLE_CODE = YES;
				CLANG_WARN__DUPLICATE_METHOD_MATCH = YES;
				COPY_PHASE_STRIP = NO;
				DEBUG_INFORMATION_FORMAT = "dwarf-with-dsym";
				ENABLE_NS_ASSERTIONS = NO;
				ENABLE_STRICT_OBJC_MSGSEND = YES;
				GCC_C_LANGUAGE_STANDARD = gnu11;
				GCC_NO_COMMON_BLOCKS = YES;
				GCC_WARN_64_TO_32_BIT_CONVERSION = YES;
				GCC_WARN_ABOUT_RETURN_TYPE = YES_ERROR;
				GCC_WARN_UNDECLARED_SELECTOR = YES;
				GCC_WARN_UNINITIALIZED_AUTOS = YES_AGGRESSIVE;
				GCC_WARN_UNUSED_FUNCTION = YES;
				GCC_WARN_UNUSED_VARIABLE = YES;
				IPHONEOS_DEPLOYMENT_TARGET = 16.2;
				MTL_ENABLE_DEBUG_INFO = NO;
				MTL_FAST_MATH = YES;
				SDKROOT = iphoneos;
				SWIFT_COMPILATION_MODE = wholemodule;
				SWIFT_OPTIMIZATION_LEVEL = "-O";
				VALIDATE_PRODUCT = YES;
			};
			name = Release;
		};
		CE0E4EBF2B22035A001586DB /* Debug */ = {
			isa = XCBuildConfiguration;
			baseConfigurationReference = D1D6157378666E7D76086065 /* Pods-WeatherApp.debug.xcconfig */;
			buildSettings = {
				ASSETCATALOG_COMPILER_APPICON_NAME = AppIcon;
				ASSETCATALOG_COMPILER_GLOBAL_ACCENT_COLOR_NAME = AccentColor;
				CODE_SIGN_STYLE = Automatic;
				CURRENT_PROJECT_VERSION = 1;
				DEVELOPMENT_ASSET_PATHS = "\"WeatherApp/Preview Content\"";
				DEVELOPMENT_TEAM = 5S8Y6SSHN7;
				ENABLE_PREVIEWS = YES;
				GENERATE_INFOPLIST_FILE = YES;
				INFOPLIST_FILE = WeatherApp/Info.plist;
				INFOPLIST_KEY_NSLocationAlwaysUsageDescription = "This app uses your location for your app experience";
				INFOPLIST_KEY_NSLocationWhenInUseUsageDescription = "This app uses your location for your app experience";
				INFOPLIST_KEY_UIApplicationSceneManifest_Generation = YES;
				INFOPLIST_KEY_UIApplicationSupportsIndirectInputEvents = YES;
				INFOPLIST_KEY_UILaunchScreen_Generation = YES;
				INFOPLIST_KEY_UISupportedInterfaceOrientations_iPad = "UIInterfaceOrientationPortrait UIInterfaceOrientationPortraitUpsideDown UIInterfaceOrientationLandscapeLeft UIInterfaceOrientationLandscapeRight";
				INFOPLIST_KEY_UISupportedInterfaceOrientations_iPhone = "UIInterfaceOrientationPortrait UIInterfaceOrientationLandscapeLeft UIInterfaceOrientationLandscapeRight";
				LD_RUNPATH_SEARCH_PATHS = (
					"$(inherited)",
					"@executable_path/Frameworks",
				);
				MARKETING_VERSION = 1.0;
				PRODUCT_BUNDLE_IDENTIFIER = Mark.WeatherApp1233221;
				PRODUCT_NAME = "$(TARGET_NAME)";
				SWIFT_EMIT_LOC_STRINGS = YES;
				SWIFT_VERSION = 5.0;
				TARGETED_DEVICE_FAMILY = "1,2";
			};
			name = Debug;
		};
		CE0E4EC02B22035A001586DB /* Release */ = {
			isa = XCBuildConfiguration;
			baseConfigurationReference = 631FE0ACC9DBB2C4DD205DAB /* Pods-WeatherApp.release.xcconfig */;
			buildSettings = {
				ASSETCATALOG_COMPILER_APPICON_NAME = AppIcon;
				ASSETCATALOG_COMPILER_GLOBAL_ACCENT_COLOR_NAME = AccentColor;
				CODE_SIGN_STYLE = Automatic;
				CURRENT_PROJECT_VERSION = 1;
				DEVELOPMENT_ASSET_PATHS = "\"WeatherApp/Preview Content\"";
				DEVELOPMENT_TEAM = 5S8Y6SSHN7;
				ENABLE_PREVIEWS = YES;
				GENERATE_INFOPLIST_FILE = YES;
				INFOPLIST_FILE = WeatherApp/Info.plist;
				INFOPLIST_KEY_NSLocationAlwaysUsageDescription = "This app uses your location for your app experience";
				INFOPLIST_KEY_NSLocationWhenInUseUsageDescription = "This app uses your location for your app experience";
				INFOPLIST_KEY_UIApplicationSceneManifest_Generation = YES;
				INFOPLIST_KEY_UIApplicationSupportsIndirectInputEvents = YES;
				INFOPLIST_KEY_UILaunchScreen_Generation = YES;
				INFOPLIST_KEY_UISupportedInterfaceOrientations_iPad = "UIInterfaceOrientationPortrait UIInterfaceOrientationPortraitUpsideDown UIInterfaceOrientationLandscapeLeft UIInterfaceOrientationLandscapeRight";
				INFOPLIST_KEY_UISupportedInterfaceOrientations_iPhone = "UIInterfaceOrientationPortrait UIInterfaceOrientationLandscapeLeft UIInterfaceOrientationLandscapeRight";
				LD_RUNPATH_SEARCH_PATHS = (
					"$(inherited)",
					"@executable_path/Frameworks",
				);
				MARKETING_VERSION = 1.0;
				PRODUCT_BUNDLE_IDENTIFIER = Mark.WeatherApp1233221;
				PRODUCT_NAME = "$(TARGET_NAME)";
				SWIFT_EMIT_LOC_STRINGS = YES;
				SWIFT_VERSION = 5.0;
				TARGETED_DEVICE_FAMILY = "1,2";
			};
			name = Release;
		};
/* End XCBuildConfiguration section */

/* Begin XCConfigurationList section */
		CE0E4EA62B220355001586DB /* Build configuration list for PBXProject "WeatherApp" */ = {
			isa = XCConfigurationList;
			buildConfigurations = (
				CE0E4EBC2B22035A001586DB /* Debug */,
				CE0E4EBD2B22035A001586DB /* Release */,
			);
			defaultConfigurationIsVisible = 0;
			defaultConfigurationName = Release;
		};
		CE0E4EBE2B22035A001586DB /* Build configuration list for PBXNativeTarget "WeatherApp" */ = {
			isa = XCConfigurationList;
			buildConfigurations = (
				CE0E4EBF2B22035A001586DB /* Debug */,
				CE0E4EC02B22035A001586DB /* Release */,
			);
			defaultConfigurationIsVisible = 0;
			defaultConfigurationName = Release;
		};
/* End XCConfigurationList section */
	};
	rootObject = CE0E4EA32B220355001586DB /* Project object */;
}
